PODS:
  - IBMMobileFirstPlatformFoundation (8.0.2020032408)

DEPENDENCIES:
  - IBMMobileFirstPlatformFoundation

SPEC REPOS:
  trunk:
    - IBMMobileFirstPlatformFoundation

SPEC CHECKSUMS:
  IBMMobileFirstPlatformFoundation: 7b47eb132e3b3c1aaca27f1cef11090347c01798

PODFILE CHECKSUM: 4603f81454acc81a3296e2f1d1f9ebe75fee7eb0

COCOAPODS: 1.9.1
