PODS:
  - IBMMobileFirstPlatformFoundation (8.0.2020052711)
  - IBMMobileFirstPlatformFoundationLiveUpdate (8.0.202005041257):
    - IBMMobileFirstPlatformFoundation (~> 8.0)
  - IBMMobileFirstPlatformFoundationPush (8.0.2019082914):
    - IBMMobileFirstPlatformFoundation (~> 8.0)

DEPENDENCIES:
  - IBMMobileFirstPlatformFoundation
  - IBMMobileFirstPlatformFoundationLiveUpdate
  - IBMMobileFirstPlatformFoundationPush

SPEC REPOS:
  trunk:
    - IBMMobileFirstPlatformFoundation
    - IBMMobileFirstPlatformFoundationLiveUpdate
    - IBMMobileFirstPlatformFoundationPush

SPEC CHECKSUMS:
  IBMMobileFirstPlatformFoundation: 4daa56ad768b8a17fe31f8e90b587c5307e6cf38
  IBMMobileFirstPlatformFoundationLiveUpdate: 77e0483cc7b8a67f42e5324374f3fa8d861aa61c
  IBMMobileFirstPlatformFoundationPush: bcc4d7d3bbde63f140a03c8fd68ebbc536edb0ad

PODFILE CHECKSUM: cab67a89c31825a56a4fa285985b19fb19ec5da4

COCOAPODS: 1.9.1
